{"version":4,"terraform_version":"1.10.6","serial":22,"lineage":"425ee974-b9e5-8c42-61c9-ba7244196eeb","outputs":{},"resources":[{"mode":"managed","type":"kubernetes_deployment","name":"mariadb","provider":"provider[\"registry.terraform.io/hashicorp/kubernetes\"]","instances":[{"schema_version":1,"attributes":{"id":"default/mariadb","metadata":[{"annotations":{},"generate_name":"","generation":1,"labels":{"app":"mariadb"},"name":"mariadb","namespace":"default","resource_version":"21954","uid":"b4a188b2-cd1f-43e8-81ac-137bf2855238"}],"spec":[{"min_ready_seconds":0,"paused":false,"progress_deadline_seconds":600,"replicas":"1","revision_history_limit":10,"selector":[{"match_expressions":[],"match_labels":{"app":"mariadb"}}],"strategy":[{"rolling_update":[{"max_surge":"25%","max_unavailable":"25%"}],"type":"RollingUpdate"}],"template":[{"metadata":[{"annotations":{},"generate_name":"","generation":0,"labels":{"app":"mariadb"},"name":"","namespace":"","resource_version":"","uid":""}],"spec":[{"active_deadline_seconds":0,"affinity":[],"automount_service_account_token":true,"container":[{"args":[],"command":[],"env":[{"name":"MARIADB_ROOT_PASSWORD","value":"","value_from":[{"config_map_key_ref":[],"field_ref":[],"resource_field_ref":[],"secret_key_ref":[{"key":"mariadb-password","name":"mariadb-secret","optional":false}]}]},{"name":"MARIADB_DATABASE","value":"lukas","value_from":[]}],"env_from":[],"image":"mariadb:latest","image_pull_policy":"Always","lifecycle":[],"liveness_probe":[],"name":"mariadb","port":[{"container_port":3306,"host_ip":"","host_port":0,"name":"","protocol":"TCP"}],"readiness_probe":[],"resources":[{"limits":{},"requests":{}}],"security_context":[],"startup_probe":[],"stdin":false,"stdin_once":false,"termination_message_path":"/dev/termination-log","termination_message_policy":"File","tty":false,"volume_device":[],"volume_mount":[{"mount_path":"/var/lib/mysql","mount_propagation":"None","name":"mariadb-storage","read_only":false,"sub_path":"","sub_path_expr":""}],"working_dir":""}],"dns_config":[],"dns_policy":"ClusterFirst","enable_service_links":true,"host_aliases":[],"host_ipc":false,"host_network":false,"host_pid":false,"hostname":"","image_pull_secrets":[],"init_container":[],"node_name":"","node_selector":{},"os":[],"priority_class_name":"","readiness_gate":[],"restart_policy":"Always","runtime_class_name":"","scheduler_name":"default-scheduler","security_context":[],"service_account_name":"","share_process_namespace":false,"subdomain":"","termination_grace_period_seconds":30,"toleration":[],"topology_spread_constraint":[],"volume":[{"aws_elastic_block_store":[],"azure_disk":[],"azure_file":[],"ceph_fs":[],"cinder":[],"config_map":[],"csi":[],"downward_api":[],"empty_dir":[],"ephemeral":[],"fc":[],"flex_volume":[],"flocker":[],"gce_persistent_disk":[],"git_repo":[],"glusterfs":[],"host_path":[],"iscsi":[],"local":[],"name":"mariadb-storage","nfs":[],"persistent_volume_claim":[{"claim_name":"mariadb-pvc","read_only":false}],"photon_persistent_disk":[],"projected":[],"quobyte":[],"rbd":[],"secret":[],"vsphere_volume":[]}]}]}]}],"timeouts":null,"wait_for_rollout":true},"sensitive_attributes":[],"private":"eyJlMmJmYjczMC1lY2FhLTExZTYtOGY4OC0zNDM2M2JjN2M0YzAiOnsiY3JlYXRlIjo2MDAwMDAwMDAwMDAsImRlbGV0ZSI6NjAwMDAwMDAwMDAwLCJ1cGRhdGUiOjYwMDAwMDAwMDAwMH0sInNjaGVtYV92ZXJzaW9uIjoiMSJ9"}]},{"mode":"managed","type":"kubernetes_persistent_volume","name":"mariadb_pv","provider":"provider[\"registry.terraform.io/hashicorp/kubernetes\"]","instances":[{"schema_version":0,"attributes":{"id":"mariadb-pv","metadata":[{"annotations":{},"generation":0,"labels":{},"name":"mariadb-pv","resource_version":"18922","uid":"3254bf6f-0716-432d-9c2d-b13f70ec3124"}],"spec":[{"access_modes":["ReadWriteOnce"],"capacity":{"storage":"5Gi"},"claim_ref":[],"mount_options":[],"node_affinity":[],"persistent_volume_reclaim_policy":"Retain","persistent_volume_source":[{"aws_elastic_block_store":[],"azure_disk":[],"azure_file":[],"ceph_fs":[],"cinder":[],"csi":[],"fc":[],"flex_volume":[],"flocker":[],"gce_persistent_disk":[],"glusterfs":[],"host_path":[{"path":"/mnt/data/mariadb","type":""}],"iscsi":[],"local":[],"nfs":[],"photon_persistent_disk":[],"quobyte":[],"rbd":[],"vsphere_volume":[]}],"storage_class_name":"","volume_mode":"Filesystem"}],"timeouts":null},"sensitive_attributes":[],"private":"eyJlMmJmYjczMC1lY2FhLTExZTYtOGY4OC0zNDM2M2JjN2M0YzAiOnsiY3JlYXRlIjozMDAwMDAwMDAwMDB9fQ=="}]},{"mode":"managed","type":"kubernetes_persistent_volume_claim","name":"mariadb_pvc","provider":"provider[\"registry.terraform.io/hashicorp/kubernetes\"]","instances":[{"schema_version":0,"attributes":{"id":"default/mariadb-pvc","metadata":[{"annotations":null,"generate_name":"","generation":0,"labels":null,"name":"mariadb-pvc","namespace":"default","resource_version":"22839","uid":"aa18ead2-29f9-426e-a4ec-a1e64e1bc7f7"}],"spec":[{"access_modes":["ReadWriteOnce"],"resources":[{"limits":null,"requests":{"storage":"5Gi"}}],"selector":[],"storage_class_name":"standard","volume_mode":"Filesystem","volume_name":"pvc-aa18ead2-29f9-426e-a4ec-a1e64e1bc7f7"}],"timeouts":null,"wait_until_bound":true},"sensitive_attributes":[],"private":"eyJlMmJmYjczMC1lY2FhLTExZTYtOGY4OC0zNDM2M2JjN2M0YzAiOnsiY3JlYXRlIjozMDAwMDAwMDAwMDB9fQ=="}]},{"mode":"managed","type":"kubernetes_secret","name":"mariadb_secret","provider":"provider[\"registry.terraform.io/hashicorp/kubernetes\"]","instances":[{"schema_version":0,"attributes":{"binary_data":null,"binary_data_wo":null,"binary_data_wo_revision":null,"data":{"mariadb-password":"c2lza2FtYXJpYWRi"},"data_wo":null,"data_wo_revision":null,"id":"default/mariadb-secret","immutable":false,"metadata":[{"annotations":{},"generate_name":"","generation":0,"labels":{},"name":"mariadb-secret","namespace":"default","resource_version":"18624","uid":"782c2fa1-ee5a-4931-880c-d959f7311d8f"}],"timeouts":null,"type":"Opaque","wait_for_service_account_token":true},"sensitive_attributes":[],"private":"eyJlMmJmYjczMC1lY2FhLTExZTYtOGY4OC0zNDM2M2JjN2M0YzAiOnsiY3JlYXRlIjo2MDAwMDAwMDAwMH19"}]},{"mode":"managed","type":"kubernetes_service","name":"mariadb","provider":"provider[\"registry.terraform.io/hashicorp/kubernetes\"]","instances":[{"schema_version":1,"attributes":{"id":"default/mariadb-service","metadata":[{"annotations":{},"generate_name":"","generation":0,"labels":{},"name":"mariadb-service","namespace":"default","resource_version":"18628","uid":"0271bca4-aa6a-4606-a3e5-6b2946d277c9"}],"spec":[{"allocate_load_balancer_node_ports":true,"cluster_ip":"10.96.161.122","cluster_ips":["10.96.161.122"],"external_ips":[],"external_name":"","external_traffic_policy":"Cluster","health_check_node_port":0,"internal_traffic_policy":"Cluster","ip_families":["IPv4"],"ip_family_policy":"SingleStack","load_balancer_class":"","load_balancer_ip":"","load_balancer_source_ranges":[],"port":[{"app_protocol":"","name":"","node_port":30036,"port":3306,"protocol":"TCP","target_port":"3306"}],"publish_not_ready_addresses":false,"selector":{"app":"mariadb"},"session_affinity":"None","session_affinity_config":[],"type":"NodePort"}],"status":[{"load_balancer":[{"ingress":[]}]}],"timeouts":null,"wait_for_load_balancer":true},"sensitive_attributes":[],"private":"eyJlMmJmYjczMC1lY2FhLTExZTYtOGY4OC0zNDM2M2JjN2M0YzAiOnsiY3JlYXRlIjo2MDAwMDAwMDAwMDB9LCJzY2hlbWFfdmVyc2lvbiI6IjEifQ=="}]}],"check_results":null}
